// !$*UTF8*$!
{
	archiveVersion = 1;
	classes = {
	};
	objectVersion = 56;
	objects = {

/* Begin PBXBuildFile section */
		2D246DDE29E881E400646D19 /* CustomButton.swift in Sources */ = {isa = PBXBuildFile; fileRef = 2D246DDD29E881E400646D19 /* CustomButton.swift */; };
		2D246DE029E8891900646D19 /* CustomTextField.swift in Sources */ = {isa = PBXBuildFile; fileRef = 2D246DDF29E8891900646D19 /* CustomTextField.swift */; };
		2D246E0729E8915600646D19 /* CustomLable.swift in Sources */ = {isa = PBXBuildFile; fileRef = 2D246E0629E8915600646D19 /* CustomLable.swift */; };
		2D26684629EDADBE00FD5C2A /* Kanit-ThinItalic.ttf in Resources */ = {isa = PBXBuildFile; fileRef = 2D26683429EDADBD00FD5C2A /* Kanit-ThinItalic.ttf */; };
		2D26684729EDADBE00FD5C2A /* Kanit-ThinItalic.ttf in Resources */ = {isa = PBXBuildFile; fileRef = 2D26683429EDADBD00FD5C2A /* Kanit-ThinItalic.ttf */; };
		2D26684829EDADBE00FD5C2A /* Kanit-ThinItalic.ttf in Resources */ = {isa = PBXBuildFile; fileRef = 2D26683429EDADBD00FD5C2A /* Kanit-ThinItalic.ttf */; };
		2D26684929EDADBE00FD5C2A /* Kanit-ExtraBold.ttf in Resources */ = {isa = PBXBuildFile; fileRef = 2D26683529EDADBD00FD5C2A /* Kanit-ExtraBold.ttf */; };
		2D26684A29EDADBE00FD5C2A /* Kanit-ExtraBold.ttf in Resources */ = {isa = PBXBuildFile; fileRef = 2D26683529EDADBD00FD5C2A /* Kanit-ExtraBold.ttf */; };
		2D26684B29EDADBE00FD5C2A /* Kanit-ExtraBold.ttf in Resources */ = {isa = PBXBuildFile; fileRef = 2D26683529EDADBD00FD5C2A /* Kanit-ExtraBold.ttf */; };
		2D26684C29EDADBE00FD5C2A /* Kanit-Light.ttf in Resources */ = {isa = PBXBuildFile; fileRef = 2D26683629EDADBE00FD5C2A /* Kanit-Light.ttf */; };
		2D26684D29EDADBE00FD5C2A /* Kanit-Light.ttf in Resources */ = {isa = PBXBuildFile; fileRef = 2D26683629EDADBE00FD5C2A /* Kanit-Light.ttf */; };
		2D26684E29EDADBE00FD5C2A /* Kanit-Light.ttf in Resources */ = {isa = PBXBuildFile; fileRef = 2D26683629EDADBE00FD5C2A /* Kanit-Light.ttf */; };
		2D26684F29EDADBE00FD5C2A /* Kanit-Black.ttf in Resources */ = {isa = PBXBuildFile; fileRef = 2D26683729EDADBE00FD5C2A /* Kanit-Black.ttf */; };
		2D26685029EDADBE00FD5C2A /* Kanit-Black.ttf in Resources */ = {isa = PBXBuildFile; fileRef = 2D26683729EDADBE00FD5C2A /* Kanit-Black.ttf */; };
		2D26685129EDADBE00FD5C2A /* Kanit-Black.ttf in Resources */ = {isa = PBXBuildFile; fileRef = 2D26683729EDADBE00FD5C2A /* Kanit-Black.ttf */; };
		2D26685229EDADBE00FD5C2A /* Kanit-SemiBoldItalic.ttf in Resources */ = {isa = PBXBuildFile; fileRef = 2D26683829EDADBE00FD5C2A /* Kanit-SemiBoldItalic.ttf */; };
		2D26685329EDADBE00FD5C2A /* Kanit-SemiBoldItalic.ttf in Resources */ = {isa = PBXBuildFile; fileRef = 2D26683829EDADBE00FD5C2A /* Kanit-SemiBoldItalic.ttf */; };
		2D26685429EDADBE00FD5C2A /* Kanit-SemiBoldItalic.ttf in Resources */ = {isa = PBXBuildFile; fileRef = 2D26683829EDADBE00FD5C2A /* Kanit-SemiBoldItalic.ttf */; };
		2D26685529EDADBE00FD5C2A /* Kanit-LightItalic.ttf in Resources */ = {isa = PBXBuildFile; fileRef = 2D26683929EDADBE00FD5C2A /* Kanit-LightItalic.ttf */; };
		2D26685629EDADBE00FD5C2A /* Kanit-LightItalic.ttf in Resources */ = {isa = PBXBuildFile; fileRef = 2D26683929EDADBE00FD5C2A /* Kanit-LightItalic.ttf */; };
		2D26685729EDADBE00FD5C2A /* Kanit-LightItalic.ttf in Resources */ = {isa = PBXBuildFile; fileRef = 2D26683929EDADBE00FD5C2A /* Kanit-LightItalic.ttf */; };
		2D26685829EDADBE00FD5C2A /* Kanit-Thin.ttf in Resources */ = {isa = PBXBuildFile; fileRef = 2D26683A29EDADBE00FD5C2A /* Kanit-Thin.ttf */; };
		2D26685929EDADBE00FD5C2A /* Kanit-Thin.ttf in Resources */ = {isa = PBXBuildFile; fileRef = 2D26683A29EDADBE00FD5C2A /* Kanit-Thin.ttf */; };
		2D26685A29EDADBE00FD5C2A /* Kanit-Thin.ttf in Resources */ = {isa = PBXBuildFile; fileRef = 2D26683A29EDADBE00FD5C2A /* Kanit-Thin.ttf */; };
		2D26685B29EDADBE00FD5C2A /* Kanit-BlackItalic.ttf in Resources */ = {isa = PBXBuildFile; fileRef = 2D26683B29EDADBE00FD5C2A /* Kanit-BlackItalic.ttf */; };
		2D26685C29EDADBE00FD5C2A /* Kanit-BlackItalic.ttf in Resources */ = {isa = PBXBuildFile; fileRef = 2D26683B29EDADBE00FD5C2A /* Kanit-BlackItalic.ttf */; };
		2D26685D29EDADBE00FD5C2A /* Kanit-BlackItalic.ttf in Resources */ = {isa = PBXBuildFile; fileRef = 2D26683B29EDADBE00FD5C2A /* Kanit-BlackItalic.ttf */; };
		2D26685E29EDADBE00FD5C2A /* Kanit-Italic.ttf in Resources */ = {isa = PBXBuildFile; fileRef = 2D26683C29EDADBE00FD5C2A /* Kanit-Italic.ttf */; };
		2D26685F29EDADBE00FD5C2A /* Kanit-Italic.ttf in Resources */ = {isa = PBXBuildFile; fileRef = 2D26683C29EDADBE00FD5C2A /* Kanit-Italic.ttf */; };
		2D26686029EDADBE00FD5C2A /* Kanit-Italic.ttf in Resources */ = {isa = PBXBuildFile; fileRef = 2D26683C29EDADBE00FD5C2A /* Kanit-Italic.ttf */; };
		2D26686129EDADBE00FD5C2A /* Kanit-ExtraLightItalic.ttf in Resources */ = {isa = PBXBuildFile; fileRef = 2D26683D29EDADBE00FD5C2A /* Kanit-ExtraLightItalic.ttf */; };
		2D26686229EDADBE00FD5C2A /* Kanit-ExtraLightItalic.ttf in Resources */ = {isa = PBXBuildFile; fileRef = 2D26683D29EDADBE00FD5C2A /* Kanit-ExtraLightItalic.ttf */; };
		2D26686329EDADBE00FD5C2A /* Kanit-ExtraLightItalic.ttf in Resources */ = {isa = PBXBuildFile; fileRef = 2D26683D29EDADBE00FD5C2A /* Kanit-ExtraLightItalic.ttf */; };
		2D26686429EDADBE00FD5C2A /* Kanit-Regular.ttf in Resources */ = {isa = PBXBuildFile; fileRef = 2D26683E29EDADBE00FD5C2A /* Kanit-Regular.ttf */; };
		2D26686529EDADBE00FD5C2A /* Kanit-Regular.ttf in Resources */ = {isa = PBXBuildFile; fileRef = 2D26683E29EDADBE00FD5C2A /* Kanit-Regular.ttf */; };
		2D26686629EDADBE00FD5C2A /* Kanit-Regular.ttf in Resources */ = {isa = PBXBuildFile; fileRef = 2D26683E29EDADBE00FD5C2A /* Kanit-Regular.ttf */; };
		2D26686729EDADBE00FD5C2A /* Kanit-Bold.ttf in Resources */ = {isa = PBXBuildFile; fileRef = 2D26683F29EDADBE00FD5C2A /* Kanit-Bold.ttf */; };
		2D26686829EDADBE00FD5C2A /* Kanit-Bold.ttf in Resources */ = {isa = PBXBuildFile; fileRef = 2D26683F29EDADBE00FD5C2A /* Kanit-Bold.ttf */; };
		2D26686929EDADBE00FD5C2A /* Kanit-Bold.ttf in Resources */ = {isa = PBXBuildFile; fileRef = 2D26683F29EDADBE00FD5C2A /* Kanit-Bold.ttf */; };
		2D26686A29EDADBE00FD5C2A /* Kanit-SemiBold.ttf in Resources */ = {isa = PBXBuildFile; fileRef = 2D26684029EDADBE00FD5C2A /* Kanit-SemiBold.ttf */; };
		2D26686B29EDADBE00FD5C2A /* Kanit-SemiBold.ttf in Resources */ = {isa = PBXBuildFile; fileRef = 2D26684029EDADBE00FD5C2A /* Kanit-SemiBold.ttf */; };
		2D26686C29EDADBE00FD5C2A /* Kanit-SemiBold.ttf in Resources */ = {isa = PBXBuildFile; fileRef = 2D26684029EDADBE00FD5C2A /* Kanit-SemiBold.ttf */; };
		2D26686D29EDADBE00FD5C2A /* Kanit-ExtraLight.ttf in Resources */ = {isa = PBXBuildFile; fileRef = 2D26684129EDADBE00FD5C2A /* Kanit-ExtraLight.ttf */; };
		2D26686E29EDADBE00FD5C2A /* Kanit-ExtraLight.ttf in Resources */ = {isa = PBXBuildFile; fileRef = 2D26684129EDADBE00FD5C2A /* Kanit-ExtraLight.ttf */; };
		2D26686F29EDADBE00FD5C2A /* Kanit-ExtraLight.ttf in Resources */ = {isa = PBXBuildFile; fileRef = 2D26684129EDADBE00FD5C2A /* Kanit-ExtraLight.ttf */; };
		2D26687029EDADBE00FD5C2A /* Kanit-Medium.ttf in Resources */ = {isa = PBXBuildFile; fileRef = 2D26684229EDADBE00FD5C2A /* Kanit-Medium.ttf */; };
		2D26687129EDADBE00FD5C2A /* Kanit-Medium.ttf in Resources */ = {isa = PBXBuildFile; fileRef = 2D26684229EDADBE00FD5C2A /* Kanit-Medium.ttf */; };
		2D26687229EDADBE00FD5C2A /* Kanit-Medium.ttf in Resources */ = {isa = PBXBuildFile; fileRef = 2D26684229EDADBE00FD5C2A /* Kanit-Medium.ttf */; };
		2D26687329EDADBE00FD5C2A /* Kanit-BoldItalic.ttf in Resources */ = {isa = PBXBuildFile; fileRef = 2D26684329EDADBE00FD5C2A /* Kanit-BoldItalic.ttf */; };
		2D26687429EDADBE00FD5C2A /* Kanit-BoldItalic.ttf in Resources */ = {isa = PBXBuildFile; fileRef = 2D26684329EDADBE00FD5C2A /* Kanit-BoldItalic.ttf */; };
		2D26687529EDADBE00FD5C2A /* Kanit-BoldItalic.ttf in Resources */ = {isa = PBXBuildFile; fileRef = 2D26684329EDADBE00FD5C2A /* Kanit-BoldItalic.ttf */; };
		2D26687629EDADBE00FD5C2A /* Kanit-ExtraBoldItalic.ttf in Resources */ = {isa = PBXBuildFile; fileRef = 2D26684429EDADBE00FD5C2A /* Kanit-ExtraBoldItalic.ttf */; };
		2D26687729EDADBE00FD5C2A /* Kanit-ExtraBoldItalic.ttf in Resources */ = {isa = PBXBuildFile; fileRef = 2D26684429EDADBE00FD5C2A /* Kanit-ExtraBoldItalic.ttf */; };
		2D26687829EDADBE00FD5C2A /* Kanit-ExtraBoldItalic.ttf in Resources */ = {isa = PBXBuildFile; fileRef = 2D26684429EDADBE00FD5C2A /* Kanit-ExtraBoldItalic.ttf */; };
		2D26687929EDADBE00FD5C2A /* Kanit-MediumItalic.ttf in Resources */ = {isa = PBXBuildFile; fileRef = 2D26684529EDADBE00FD5C2A /* Kanit-MediumItalic.ttf */; };
		2D26687A29EDADBE00FD5C2A /* Kanit-MediumItalic.ttf in Resources */ = {isa = PBXBuildFile; fileRef = 2D26684529EDADBE00FD5C2A /* Kanit-MediumItalic.ttf */; };
		2D26687B29EDADBE00FD5C2A /* Kanit-MediumItalic.ttf in Resources */ = {isa = PBXBuildFile; fileRef = 2D26684529EDADBE00FD5C2A /* Kanit-MediumItalic.ttf */; };
		2D26687D29EDAF3B00FD5C2A /* ConstantsInterface.swift in Sources */ = {isa = PBXBuildFile; fileRef = 2D26687C29EDAF3B00FD5C2A /* ConstantsInterface.swift */; };
		2D26687E29EDAF3B00FD5C2A /* ConstantsInterface.swift in Sources */ = {isa = PBXBuildFile; fileRef = 2D26687C29EDAF3B00FD5C2A /* ConstantsInterface.swift */; };
		2D26687F29EDAF3B00FD5C2A /* ConstantsInterface.swift in Sources */ = {isa = PBXBuildFile; fileRef = 2D26687C29EDAF3B00FD5C2A /* ConstantsInterface.swift */; };
		2D50241E29F4A0B800D9A310 /* CustomShadowCard.swift in Sources */ = {isa = PBXBuildFile; fileRef = 2D50241D29F4A0B800D9A310 /* CustomShadowCard.swift */; };
		2D8480562A123F3800FF0CF3 /* ImageCell.swift in Sources */ = {isa = PBXBuildFile; fileRef = 2D8480552A123F3800FF0CF3 /* ImageCell.swift */; };
		2D8480582A12587E00FF0CF3 /* ImageUploadListCell.swift in Sources */ = {isa = PBXBuildFile; fileRef = 2D8480572A12587E00FF0CF3 /* ImageUploadListCell.swift */; };
		2D84805A2A127F1F00FF0CF3 /* ImageUploadSuccessCell.swift in Sources */ = {isa = PBXBuildFile; fileRef = 2D8480592A127F1F00FF0CF3 /* ImageUploadSuccessCell.swift */; };
		2D84805C2A12AA5A00FF0CF3 /* HistoryDetailViewCell.swift in Sources */ = {isa = PBXBuildFile; fileRef = 2D84805B2A12AA5A00FF0CF3 /* HistoryDetailViewCell.swift */; };
		2DE6AE6129EF0B2D002C8965 /* CustomSegment.swift in Sources */ = {isa = PBXBuildFile; fileRef = 2DE6AE6029EF0B2D002C8965 /* CustomSegment.swift */; };
		3FB760549DFF40AAEED13067 /* Pods_cosci_activity_kpi.framework in Frameworks */ = {isa = PBXBuildFile; fileRef = B414E1EDE0E4AF2B09FA93AC /* Pods_cosci_activity_kpi.framework */; };
		CB095D0529DF26C4007E456C /* ForgotStudentViewController.swift in Sources */ = {isa = PBXBuildFile; fileRef = CB095D0429DF26C4007E456C /* ForgotStudentViewController.swift */; };
		CB095D0729DF26D0007E456C /* ForgotTeacherViewController.swift in Sources */ = {isa = PBXBuildFile; fileRef = CB095D0629DF26D0007E456C /* ForgotTeacherViewController.swift */; };
		CB1CDA3129EB390D005A6F5C /* EventTableViewCell.swift in Sources */ = {isa = PBXBuildFile; fileRef = CB1CDA2F29EB390D005A6F5C /* EventTableViewCell.swift */; };
		CB1CDA3229EB390D005A6F5C /* EventTableViewCell.xib in Resources */ = {isa = PBXBuildFile; fileRef = CB1CDA3029EB390D005A6F5C /* EventTableViewCell.xib */; };
		CB69851729EF4CEB00607285 /* FileViewModel.swift in Sources */ = {isa = PBXBuildFile; fileRef = CB69851629EF4CEB00607285 /* FileViewModel.swift */; };
		CB96591429DC388400FF309A /* LoginViewController.swift in Sources */ = {isa = PBXBuildFile; fileRef = CB96591329DC388400FF309A /* LoginViewController.swift */; };
		CB96591629DC38DF00FF309A /* StudentUploadedViewController.swift in Sources */ = {isa = PBXBuildFile; fileRef = CB96591529DC38DF00FF309A /* StudentUploadedViewController.swift */; };
		CB96591829DC396B00FF309A /* StudentRegisterViewController.swift in Sources */ = {isa = PBXBuildFile; fileRef = CB96591729DC396B00FF309A /* StudentRegisterViewController.swift */; };
		CB96591A29DC397600FF309A /* TeacherRegisterViewController.swift in Sources */ = {isa = PBXBuildFile; fileRef = CB96591929DC397600FF309A /* TeacherRegisterViewController.swift */; };
		CB96591C29DC39C000FF309A /* OTPVerifyStudentViewController.swift in Sources */ = {isa = PBXBuildFile; fileRef = CB96591B29DC39C000FF309A /* OTPVerifyStudentViewController.swift */; };
		CB96592029DC3D5200FF309A /* TeacherKPIListViewController.swift in Sources */ = {isa = PBXBuildFile; fileRef = CB96591F29DC3D5200FF309A /* TeacherKPIListViewController.swift */; };
		CB96592229DC3D7100FF309A /* StudentEventListViewController.swift in Sources */ = {isa = PBXBuildFile; fileRef = CB96592129DC3D7100FF309A /* StudentEventListViewController.swift */; };
		CB96592429DC403F00FF309A /* StudentCheckHistoryViewController.swift in Sources */ = {isa = PBXBuildFile; fileRef = CB96592329DC403F00FF309A /* StudentCheckHistoryViewController.swift */; };
		CB96592629DC405100FF309A /* StudentHistoryViewController.swift in Sources */ = {isa = PBXBuildFile; fileRef = CB96592529DC405100FF309A /* StudentHistoryViewController.swift */; };
		CB96592829DC40A000FF309A /* StudentProfileViewController.swift in Sources */ = {isa = PBXBuildFile; fileRef = CB96592729DC40A000FF309A /* StudentProfileViewController.swift */; };
		CB96592A29DC40C600FF309A /* TeacherHistoryViewController.swift in Sources */ = {isa = PBXBuildFile; fileRef = CB96592929DC40C600FF309A /* TeacherHistoryViewController.swift */; };
		CB96592C29DC410800FF309A /* TeachProfileViewController.swift in Sources */ = {isa = PBXBuildFile; fileRef = CB96592B29DC410800FF309A /* TeachProfileViewController.swift */; };
		CBA2E1D729D5F3130078E722 /* Error.swift in Sources */ = {isa = PBXBuildFile; fileRef = CBA2E1D629D5F3130078E722 /* Error.swift */; };
		CBA2E1DB29D5F9AC0078E722 /* TacherUploadedViewController.swift in Sources */ = {isa = PBXBuildFile; fileRef = CBA2E1DA29D5F9AC0078E722 /* TacherUploadedViewController.swift */; };
		CBA858AB29CF77CF00D863CC /* AppDelegate.swift in Sources */ = {isa = PBXBuildFile; fileRef = CBA858AA29CF77CF00D863CC /* AppDelegate.swift */; };
		CBA858AD29CF77CF00D863CC /* SceneDelegate.swift in Sources */ = {isa = PBXBuildFile; fileRef = CBA858AC29CF77CF00D863CC /* SceneDelegate.swift */; };
		CBA858B229CF77CF00D863CC /* Main.storyboard in Resources */ = {isa = PBXBuildFile; fileRef = CBA858B029CF77CF00D863CC /* Main.storyboard */; };
		CBA858B429CF77D100D863CC /* Assets.xcassets in Resources */ = {isa = PBXBuildFile; fileRef = CBA858B329CF77D100D863CC /* Assets.xcassets */; };
		CBA858B729CF77D200D863CC /* LaunchScreen.storyboard in Resources */ = {isa = PBXBuildFile; fileRef = CBA858B529CF77D200D863CC /* LaunchScreen.storyboard */; };
		CBA858C229CF77D200D863CC /* cosci_activity_kpiTests.swift in Sources */ = {isa = PBXBuildFile; fileRef = CBA858C129CF77D200D863CC /* cosci_activity_kpiTests.swift */; };
		CBA858CC29CF77D200D863CC /* cosci_activity_kpiUITests.swift in Sources */ = {isa = PBXBuildFile; fileRef = CBA858CB29CF77D200D863CC /* cosci_activity_kpiUITests.swift */; };
		CBA858CE29CF77D200D863CC /* cosci_activity_kpiUITestsLaunchTests.swift in Sources */ = {isa = PBXBuildFile; fileRef = CBA858CD29CF77D200D863CC /* cosci_activity_kpiUITestsLaunchTests.swift */; };
		CBA858E729CF781E00D863CC /* Constants.swift in Sources */ = {isa = PBXBuildFile; fileRef = CBA858DE29CF781E00D863CC /* Constants.swift */; };
		CBA858E829CF781E00D863CC /* AuthViewModel.swift in Sources */ = {isa = PBXBuildFile; fileRef = CBA858E029CF781E00D863CC /* AuthViewModel.swift */; };
		CBA858E929CF781E00D863CC /* ExtensionsHelper.swift in Sources */ = {isa = PBXBuildFile; fileRef = CBA858E229CF781E00D863CC /* ExtensionsHelper.swift */; };
		CBA858EA29CF781E00D863CC /* AuthForm.swift in Sources */ = {isa = PBXBuildFile; fileRef = CBA858E429CF781E00D863CC /* AuthForm.swift */; };
		CBA858EB29CF781E00D863CC /* OTPVerifyForm.swift in Sources */ = {isa = PBXBuildFile; fileRef = CBA858E529CF781E00D863CC /* OTPVerifyForm.swift */; };
		CBA858EC29CF781E00D863CC /* AppUtils.swift in Sources */ = {isa = PBXBuildFile; fileRef = CBA858E629CF781E00D863CC /* AppUtils.swift */; };
		CBA858F029CF78B700D863CC /* eventModel.swift in Sources */ = {isa = PBXBuildFile; fileRef = CBA858EF29CF78B700D863CC /* eventModel.swift */; };
		CBA858F229CF78C600D863CC /* fileModel.swift in Sources */ = {isa = PBXBuildFile; fileRef = CBA858F129CF78C600D863CC /* fileModel.swift */; };
		CBA858F429CF78D700D863CC /* otpModel.swift in Sources */ = {isa = PBXBuildFile; fileRef = CBA858F329CF78D700D863CC /* otpModel.swift */; };
		CBA858F629CF78E700D863CC /* requestModel.swift in Sources */ = {isa = PBXBuildFile; fileRef = CBA858F529CF78E600D863CC /* requestModel.swift */; };
		CBA858F829CF78FA00D863CC /* studentRegisteredModel.swift in Sources */ = {isa = PBXBuildFile; fileRef = CBA858F729CF78FA00D863CC /* studentRegisteredModel.swift */; };
		CBA858FA29CF790D00D863CC /* studentUploadedModel.swift in Sources */ = {isa = PBXBuildFile; fileRef = CBA858F929CF790D00D863CC /* studentUploadedModel.swift */; };
		CBA858FC29CF791F00D863CC /* teacherRegisteredModel.swift in Sources */ = {isa = PBXBuildFile; fileRef = CBA858FB29CF791F00D863CC /* teacherRegisteredModel.swift */; };
		CBA858FE29CF793100D863CC /* teacherUploadedModel.swift in Sources */ = {isa = PBXBuildFile; fileRef = CBA858FD29CF793100D863CC /* teacherUploadedModel.swift */; };
		CBAA505929E622B90023B3C5 /* StudentViewModel.swift in Sources */ = {isa = PBXBuildFile; fileRef = CBAA505829E622B90023B3C5 /* StudentViewModel.swift */; };
		CBAA505B29E622C70023B3C5 /* TeacherViewModel.swift in Sources */ = {isa = PBXBuildFile; fileRef = CBAA505A29E622C70023B3C5 /* TeacherViewModel.swift */; };
		CBAA505D29E73CE40023B3C5 /* SelectRoleForgotPasswordViewController.swift in Sources */ = {isa = PBXBuildFile; fileRef = CBAA505C29E73CE40023B3C5 /* SelectRoleForgotPasswordViewController.swift */; };
		CBAA505F29E753B70023B3C5 /* StudentChangePasswordViewController.swift in Sources */ = {isa = PBXBuildFile; fileRef = CBAA505E29E753B60023B3C5 /* StudentChangePasswordViewController.swift */; };
		CBAA506129E753CB0023B3C5 /* TeacherChangePasswordViewController.swift in Sources */ = {isa = PBXBuildFile; fileRef = CBAA506029E753CB0023B3C5 /* TeacherChangePasswordViewController.swift */; };
		CBAC2B9529DEF7E90032FEF9 /* OTPVerifyTeacherViewController.swift in Sources */ = {isa = PBXBuildFile; fileRef = CBAC2B9429DEF7E90032FEF9 /* OTPVerifyTeacherViewController.swift */; };
		CBCDFFB229ECAA860072223C /* StudentEventDetailViewController.swift in Sources */ = {isa = PBXBuildFile; fileRef = CBCDFFB129ECAA860072223C /* StudentEventDetailViewController.swift */; };
		CBCDFFB429ECB7AC0072223C /* StudentSentRequestViewController.swift in Sources */ = {isa = PBXBuildFile; fileRef = CBCDFFB329ECB7AC0072223C /* StudentSentRequestViewController.swift */; };
		CBCDFFB629ECB8E00072223C /* StudentHistoryDetailViewController.swift in Sources */ = {isa = PBXBuildFile; fileRef = CBCDFFB529ECB8E00072223C /* StudentHistoryDetailViewController.swift */; };
		CBCDFFB929ECBB6C0072223C /* HistoryTableViewCell.swift in Sources */ = {isa = PBXBuildFile; fileRef = CBCDFFB729ECBB6C0072223C /* HistoryTableViewCell.swift */; };
		CBCDFFBA29ECBB6C0072223C /* HistoryTableViewCell.xib in Resources */ = {isa = PBXBuildFile; fileRef = CBCDFFB829ECBB6C0072223C /* HistoryTableViewCell.xib */; };
		CBE09EC629DE097F00F7566E /* SelectRoleRegisterViewController.swift in Sources */ = {isa = PBXBuildFile; fileRef = CBE09EC529DE097F00F7566E /* SelectRoleRegisterViewController.swift */; };
		CBFBFF322A0FA49E002D20EA /* UploadedImageViewController.swift in Sources */ = {isa = PBXBuildFile; fileRef = CBFBFF312A0FA49E002D20EA /* UploadedImageViewController.swift */; };
/* End PBXBuildFile section */

/* Begin PBXContainerItemProxy section */
		CBA858BE29CF77D200D863CC /* PBXContainerItemProxy */ = {
			isa = PBXContainerItemProxy;
			containerPortal = CBA8589F29CF77CF00D863CC /* Project object */;
			proxyType = 1;
			remoteGlobalIDString = CBA858A629CF77CF00D863CC;
			remoteInfo = "cosci-activity-kpi";
		};
		CBA858C829CF77D200D863CC /* PBXContainerItemProxy */ = {
			isa = PBXContainerItemProxy;
			containerPortal = CBA8589F29CF77CF00D863CC /* Project object */;
			proxyType = 1;
			remoteGlobalIDString = CBA858A629CF77CF00D863CC;
			remoteInfo = "cosci-activity-kpi";
		};
/* End PBXContainerItemProxy section */

/* Begin PBXFileReference section */
		2D246DDD29E881E400646D19 /* CustomButton.swift */ = {isa = PBXFileReference; lastKnownFileType = sourcecode.swift; path = CustomButton.swift; sourceTree = "<group>"; };
		2D246DDF29E8891900646D19 /* CustomTextField.swift */ = {isa = PBXFileReference; lastKnownFileType = sourcecode.swift; path = CustomTextField.swift; sourceTree = "<group>"; };
		2D246E0629E8915600646D19 /* CustomLable.swift */ = {isa = PBXFileReference; lastKnownFileType = sourcecode.swift; path = CustomLable.swift; sourceTree = "<group>"; };
		2D26683429EDADBD00FD5C2A /* Kanit-ThinItalic.ttf */ = {isa = PBXFileReference; lastKnownFileType = file; path = "Kanit-ThinItalic.ttf"; sourceTree = "<group>"; };
		2D26683529EDADBD00FD5C2A /* Kanit-ExtraBold.ttf */ = {isa = PBXFileReference; lastKnownFileType = file; path = "Kanit-ExtraBold.ttf"; sourceTree = "<group>"; };
		2D26683629EDADBE00FD5C2A /* Kanit-Light.ttf */ = {isa = PBXFileReference; lastKnownFileType = file; path = "Kanit-Light.ttf"; sourceTree = "<group>"; };
		2D26683729EDADBE00FD5C2A /* Kanit-Black.ttf */ = {isa = PBXFileReference; lastKnownFileType = file; path = "Kanit-Black.ttf"; sourceTree = "<group>"; };
		2D26683829EDADBE00FD5C2A /* Kanit-SemiBoldItalic.ttf */ = {isa = PBXFileReference; lastKnownFileType = file; path = "Kanit-SemiBoldItalic.ttf"; sourceTree = "<group>"; };
		2D26683929EDADBE00FD5C2A /* Kanit-LightItalic.ttf */ = {isa = PBXFileReference; lastKnownFileType = file; path = "Kanit-LightItalic.ttf"; sourceTree = "<group>"; };
		2D26683A29EDADBE00FD5C2A /* Kanit-Thin.ttf */ = {isa = PBXFileReference; lastKnownFileType = file; path = "Kanit-Thin.ttf"; sourceTree = "<group>"; };
		2D26683B29EDADBE00FD5C2A /* Kanit-BlackItalic.ttf */ = {isa = PBXFileReference; lastKnownFileType = file; path = "Kanit-BlackItalic.ttf"; sourceTree = "<group>"; };
		2D26683C29EDADBE00FD5C2A /* Kanit-Italic.ttf */ = {isa = PBXFileReference; lastKnownFileType = file; path = "Kanit-Italic.ttf"; sourceTree = "<group>"; };
		2D26683D29EDADBE00FD5C2A /* Kanit-ExtraLightItalic.ttf */ = {isa = PBXFileReference; lastKnownFileType = file; path = "Kanit-ExtraLightItalic.ttf"; sourceTree = "<group>"; };
		2D26683E29EDADBE00FD5C2A /* Kanit-Regular.ttf */ = {isa = PBXFileReference; lastKnownFileType = file; path = "Kanit-Regular.ttf"; sourceTree = "<group>"; };
		2D26683F29EDADBE00FD5C2A /* Kanit-Bold.ttf */ = {isa = PBXFileReference; lastKnownFileType = file; path = "Kanit-Bold.ttf"; sourceTree = "<group>"; };
		2D26684029EDADBE00FD5C2A /* Kanit-SemiBold.ttf */ = {isa = PBXFileReference; lastKnownFileType = file; path = "Kanit-SemiBold.ttf"; sourceTree = "<group>"; };
		2D26684129EDADBE00FD5C2A /* Kanit-ExtraLight.ttf */ = {isa = PBXFileReference; lastKnownFileType = file; path = "Kanit-ExtraLight.ttf"; sourceTree = "<group>"; };
		2D26684229EDADBE00FD5C2A /* Kanit-Medium.ttf */ = {isa = PBXFileReference; lastKnownFileType = file; path = "Kanit-Medium.ttf"; sourceTree = "<group>"; };
		2D26684329EDADBE00FD5C2A /* Kanit-BoldItalic.ttf */ = {isa = PBXFileReference; lastKnownFileType = file; path = "Kanit-BoldItalic.ttf"; sourceTree = "<group>"; };
		2D26684429EDADBE00FD5C2A /* Kanit-ExtraBoldItalic.ttf */ = {isa = PBXFileReference; lastKnownFileType = file; path = "Kanit-ExtraBoldItalic.ttf"; sourceTree = "<group>"; };
		2D26684529EDADBE00FD5C2A /* Kanit-MediumItalic.ttf */ = {isa = PBXFileReference; lastKnownFileType = file; path = "Kanit-MediumItalic.ttf"; sourceTree = "<group>"; };
		2D26687C29EDAF3B00FD5C2A /* ConstantsInterface.swift */ = {isa = PBXFileReference; lastKnownFileType = sourcecode.swift; path = ConstantsInterface.swift; sourceTree = "<group>"; };
		2D50241D29F4A0B800D9A310 /* CustomShadowCard.swift */ = {isa = PBXFileReference; lastKnownFileType = sourcecode.swift; path = CustomShadowCard.swift; sourceTree = "<group>"; };
		2D8480552A123F3800FF0CF3 /* ImageCell.swift */ = {isa = PBXFileReference; lastKnownFileType = sourcecode.swift; path = ImageCell.swift; sourceTree = "<group>"; };
		2D8480572A12587E00FF0CF3 /* ImageUploadListCell.swift */ = {isa = PBXFileReference; lastKnownFileType = sourcecode.swift; path = ImageUploadListCell.swift; sourceTree = "<group>"; };
		2D8480592A127F1F00FF0CF3 /* ImageUploadSuccessCell.swift */ = {isa = PBXFileReference; lastKnownFileType = sourcecode.swift; path = ImageUploadSuccessCell.swift; sourceTree = "<group>"; };
		2D84805B2A12AA5A00FF0CF3 /* HistoryDetailViewCell.swift */ = {isa = PBXFileReference; lastKnownFileType = sourcecode.swift; path = HistoryDetailViewCell.swift; sourceTree = "<group>"; };
		2DE6AE6029EF0B2D002C8965 /* CustomSegment.swift */ = {isa = PBXFileReference; lastKnownFileType = sourcecode.swift; path = CustomSegment.swift; sourceTree = "<group>"; };
		A013922E8BFA0CB27EB073F5 /* Pods-cosci-activity-kpi.release.xcconfig */ = {isa = PBXFileReference; includeInIndex = 1; lastKnownFileType = text.xcconfig; name = "Pods-cosci-activity-kpi.release.xcconfig"; path = "Target Support Files/Pods-cosci-activity-kpi/Pods-cosci-activity-kpi.release.xcconfig"; sourceTree = "<group>"; };
		B414E1EDE0E4AF2B09FA93AC /* Pods_cosci_activity_kpi.framework */ = {isa = PBXFileReference; explicitFileType = wrapper.framework; includeInIndex = 0; path = Pods_cosci_activity_kpi.framework; sourceTree = BUILT_PRODUCTS_DIR; };
		CB095D0429DF26C4007E456C /* ForgotStudentViewController.swift */ = {isa = PBXFileReference; lastKnownFileType = sourcecode.swift; path = ForgotStudentViewController.swift; sourceTree = "<group>"; };
		CB095D0629DF26D0007E456C /* ForgotTeacherViewController.swift */ = {isa = PBXFileReference; lastKnownFileType = sourcecode.swift; path = ForgotTeacherViewController.swift; sourceTree = "<group>"; };
		CB1CDA2F29EB390D005A6F5C /* EventTableViewCell.swift */ = {isa = PBXFileReference; lastKnownFileType = sourcecode.swift; path = EventTableViewCell.swift; sourceTree = "<group>"; };
		CB1CDA3029EB390D005A6F5C /* EventTableViewCell.xib */ = {isa = PBXFileReference; lastKnownFileType = file.xib; path = EventTableViewCell.xib; sourceTree = "<group>"; };
		CB69851629EF4CEB00607285 /* FileViewModel.swift */ = {isa = PBXFileReference; lastKnownFileType = sourcecode.swift; path = FileViewModel.swift; sourceTree = "<group>"; };
		CB96591329DC388400FF309A /* LoginViewController.swift */ = {isa = PBXFileReference; lastKnownFileType = sourcecode.swift; path = LoginViewController.swift; sourceTree = "<group>"; };
		CB96591529DC38DF00FF309A /* StudentUploadedViewController.swift */ = {isa = PBXFileReference; lastKnownFileType = sourcecode.swift; path = StudentUploadedViewController.swift; sourceTree = "<group>"; };
		CB96591729DC396B00FF309A /* StudentRegisterViewController.swift */ = {isa = PBXFileReference; lastKnownFileType = sourcecode.swift; path = StudentRegisterViewController.swift; sourceTree = "<group>"; };
		CB96591929DC397600FF309A /* TeacherRegisterViewController.swift */ = {isa = PBXFileReference; lastKnownFileType = sourcecode.swift; path = TeacherRegisterViewController.swift; sourceTree = "<group>"; };
		CB96591B29DC39C000FF309A /* OTPVerifyStudentViewController.swift */ = {isa = PBXFileReference; lastKnownFileType = sourcecode.swift; path = OTPVerifyStudentViewController.swift; sourceTree = "<group>"; };
		CB96591F29DC3D5200FF309A /* TeacherKPIListViewController.swift */ = {isa = PBXFileReference; lastKnownFileType = sourcecode.swift; path = TeacherKPIListViewController.swift; sourceTree = "<group>"; };
		CB96592129DC3D7100FF309A /* StudentEventListViewController.swift */ = {isa = PBXFileReference; lastKnownFileType = sourcecode.swift; path = StudentEventListViewController.swift; sourceTree = "<group>"; };
		CB96592329DC403F00FF309A /* StudentCheckHistoryViewController.swift */ = {isa = PBXFileReference; lastKnownFileType = sourcecode.swift; path = StudentCheckHistoryViewController.swift; sourceTree = "<group>"; };
		CB96592529DC405100FF309A /* StudentHistoryViewController.swift */ = {isa = PBXFileReference; lastKnownFileType = sourcecode.swift; path = StudentHistoryViewController.swift; sourceTree = "<group>"; };
		CB96592729DC40A000FF309A /* StudentProfileViewController.swift */ = {isa = PBXFileReference; lastKnownFileType = sourcecode.swift; path = StudentProfileViewController.swift; sourceTree = "<group>"; };
		CB96592929DC40C600FF309A /* TeacherHistoryViewController.swift */ = {isa = PBXFileReference; lastKnownFileType = sourcecode.swift; path = TeacherHistoryViewController.swift; sourceTree = "<group>"; };
		CB96592B29DC410800FF309A /* TeachProfileViewController.swift */ = {isa = PBXFileReference; lastKnownFileType = sourcecode.swift; path = TeachProfileViewController.swift; sourceTree = "<group>"; };
		CBA2E1D629D5F3130078E722 /* Error.swift */ = {isa = PBXFileReference; lastKnownFileType = sourcecode.swift; path = Error.swift; sourceTree = "<group>"; };
		CBA2E1DA29D5F9AC0078E722 /* TacherUploadedViewController.swift */ = {isa = PBXFileReference; lastKnownFileType = sourcecode.swift; path = TacherUploadedViewController.swift; sourceTree = "<group>"; };
		CBA858A729CF77CF00D863CC /* cosci-activity-kpi.app */ = {isa = PBXFileReference; explicitFileType = wrapper.application; includeInIndex = 0; path = "cosci-activity-kpi.app"; sourceTree = BUILT_PRODUCTS_DIR; };
		CBA858AA29CF77CF00D863CC /* AppDelegate.swift */ = {isa = PBXFileReference; lastKnownFileType = sourcecode.swift; path = AppDelegate.swift; sourceTree = "<group>"; };
		CBA858AC29CF77CF00D863CC /* SceneDelegate.swift */ = {isa = PBXFileReference; lastKnownFileType = sourcecode.swift; path = SceneDelegate.swift; sourceTree = "<group>"; };
		CBA858B129CF77CF00D863CC /* Base */ = {isa = PBXFileReference; lastKnownFileType = file.storyboard; name = Base; path = Base.lproj/Main.storyboard; sourceTree = "<group>"; };
		CBA858B329CF77D100D863CC /* Assets.xcassets */ = {isa = PBXFileReference; lastKnownFileType = folder.assetcatalog; path = Assets.xcassets; sourceTree = "<group>"; };
		CBA858B629CF77D200D863CC /* Base */ = {isa = PBXFileReference; lastKnownFileType = file.storyboard; name = Base; path = Base.lproj/LaunchScreen.storyboard; sourceTree = "<group>"; };
		CBA858B829CF77D200D863CC /* Info.plist */ = {isa = PBXFileReference; lastKnownFileType = text.plist.xml; path = Info.plist; sourceTree = "<group>"; };
		CBA858BD29CF77D200D863CC /* cosci-activity-kpiTests.xctest */ = {isa = PBXFileReference; explicitFileType = wrapper.cfbundle; includeInIndex = 0; path = "cosci-activity-kpiTests.xctest"; sourceTree = BUILT_PRODUCTS_DIR; };
		CBA858C129CF77D200D863CC /* cosci_activity_kpiTests.swift */ = {isa = PBXFileReference; lastKnownFileType = sourcecode.swift; path = cosci_activity_kpiTests.swift; sourceTree = "<group>"; };
		CBA858C729CF77D200D863CC /* cosci-activity-kpiUITests.xctest */ = {isa = PBXFileReference; explicitFileType = wrapper.cfbundle; includeInIndex = 0; path = "cosci-activity-kpiUITests.xctest"; sourceTree = BUILT_PRODUCTS_DIR; };
		CBA858CB29CF77D200D863CC /* cosci_activity_kpiUITests.swift */ = {isa = PBXFileReference; lastKnownFileType = sourcecode.swift; path = cosci_activity_kpiUITests.swift; sourceTree = "<group>"; };
		CBA858CD29CF77D200D863CC /* cosci_activity_kpiUITestsLaunchTests.swift */ = {isa = PBXFileReference; lastKnownFileType = sourcecode.swift; path = cosci_activity_kpiUITestsLaunchTests.swift; sourceTree = "<group>"; };
		CBA858DE29CF781E00D863CC /* Constants.swift */ = {isa = PBXFileReference; fileEncoding = 4; lastKnownFileType = sourcecode.swift; path = Constants.swift; sourceTree = "<group>"; };
		CBA858E029CF781E00D863CC /* AuthViewModel.swift */ = {isa = PBXFileReference; fileEncoding = 4; lastKnownFileType = sourcecode.swift; path = AuthViewModel.swift; sourceTree = "<group>"; };
		CBA858E229CF781E00D863CC /* ExtensionsHelper.swift */ = {isa = PBXFileReference; fileEncoding = 4; lastKnownFileType = sourcecode.swift; path = ExtensionsHelper.swift; sourceTree = "<group>"; };
		CBA858E429CF781E00D863CC /* AuthForm.swift */ = {isa = PBXFileReference; fileEncoding = 4; lastKnownFileType = sourcecode.swift; path = AuthForm.swift; sourceTree = "<group>"; };
		CBA858E529CF781E00D863CC /* OTPVerifyForm.swift */ = {isa = PBXFileReference; fileEncoding = 4; lastKnownFileType = sourcecode.swift; path = OTPVerifyForm.swift; sourceTree = "<group>"; };
		CBA858E629CF781E00D863CC /* AppUtils.swift */ = {isa = PBXFileReference; fileEncoding = 4; lastKnownFileType = sourcecode.swift; path = AppUtils.swift; sourceTree = "<group>"; };
		CBA858EF29CF78B700D863CC /* eventModel.swift */ = {isa = PBXFileReference; lastKnownFileType = sourcecode.swift; path = eventModel.swift; sourceTree = "<group>"; };
		CBA858F129CF78C600D863CC /* fileModel.swift */ = {isa = PBXFileReference; lastKnownFileType = sourcecode.swift; path = fileModel.swift; sourceTree = "<group>"; };
		CBA858F329CF78D700D863CC /* otpModel.swift */ = {isa = PBXFileReference; lastKnownFileType = sourcecode.swift; path = otpModel.swift; sourceTree = "<group>"; };
		CBA858F529CF78E600D863CC /* requestModel.swift */ = {isa = PBXFileReference; lastKnownFileType = sourcecode.swift; path = requestModel.swift; sourceTree = "<group>"; };
		CBA858F729CF78FA00D863CC /* studentRegisteredModel.swift */ = {isa = PBXFileReference; lastKnownFileType = sourcecode.swift; path = studentRegisteredModel.swift; sourceTree = "<group>"; };
		CBA858F929CF790D00D863CC /* studentUploadedModel.swift */ = {isa = PBXFileReference; lastKnownFileType = sourcecode.swift; path = studentUploadedModel.swift; sourceTree = "<group>"; };
		CBA858FB29CF791F00D863CC /* teacherRegisteredModel.swift */ = {isa = PBXFileReference; lastKnownFileType = sourcecode.swift; path = teacherRegisteredModel.swift; sourceTree = "<group>"; };
		CBA858FD29CF793100D863CC /* teacherUploadedModel.swift */ = {isa = PBXFileReference; lastKnownFileType = sourcecode.swift; path = teacherUploadedModel.swift; sourceTree = "<group>"; };
		CBAA505829E622B90023B3C5 /* StudentViewModel.swift */ = {isa = PBXFileReference; lastKnownFileType = sourcecode.swift; path = StudentViewModel.swift; sourceTree = "<group>"; };
		CBAA505A29E622C70023B3C5 /* TeacherViewModel.swift */ = {isa = PBXFileReference; lastKnownFileType = sourcecode.swift; path = TeacherViewModel.swift; sourceTree = "<group>"; };
		CBAA505C29E73CE40023B3C5 /* SelectRoleForgotPasswordViewController.swift */ = {isa = PBXFileReference; lastKnownFileType = sourcecode.swift; path = SelectRoleForgotPasswordViewController.swift; sourceTree = "<group>"; };
		CBAA505E29E753B60023B3C5 /* StudentChangePasswordViewController.swift */ = {isa = PBXFileReference; lastKnownFileType = sourcecode.swift; path = StudentChangePasswordViewController.swift; sourceTree = "<group>"; };
		CBAA506029E753CB0023B3C5 /* TeacherChangePasswordViewController.swift */ = {isa = PBXFileReference; lastKnownFileType = sourcecode.swift; path = TeacherChangePasswordViewController.swift; sourceTree = "<group>"; };
		CBAC2B9429DEF7E90032FEF9 /* OTPVerifyTeacherViewController.swift */ = {isa = PBXFileReference; lastKnownFileType = sourcecode.swift; path = OTPVerifyTeacherViewController.swift; sourceTree = "<group>"; };
		CBCDFFB129ECAA860072223C /* StudentEventDetailViewController.swift */ = {isa = PBXFileReference; lastKnownFileType = sourcecode.swift; path = StudentEventDetailViewController.swift; sourceTree = "<group>"; };
		CBCDFFB329ECB7AC0072223C /* StudentSentRequestViewController.swift */ = {isa = PBXFileReference; lastKnownFileType = sourcecode.swift; path = StudentSentRequestViewController.swift; sourceTree = "<group>"; };
		CBCDFFB529ECB8E00072223C /* StudentHistoryDetailViewController.swift */ = {isa = PBXFileReference; lastKnownFileType = sourcecode.swift; path = StudentHistoryDetailViewController.swift; sourceTree = "<group>"; };
		CBCDFFB729ECBB6C0072223C /* HistoryTableViewCell.swift */ = {isa = PBXFileReference; lastKnownFileType = sourcecode.swift; path = HistoryTableViewCell.swift; sourceTree = "<group>"; };
		CBCDFFB829ECBB6C0072223C /* HistoryTableViewCell.xib */ = {isa = PBXFileReference; lastKnownFileType = file.xib; path = HistoryTableViewCell.xib; sourceTree = "<group>"; };
		CBE09EC529DE097F00F7566E /* SelectRoleRegisterViewController.swift */ = {isa = PBXFileReference; lastKnownFileType = sourcecode.swift; path = SelectRoleRegisterViewController.swift; sourceTree = "<group>"; };
		CBFBFF312A0FA49E002D20EA /* UploadedImageViewController.swift */ = {isa = PBXFileReference; lastKnownFileType = sourcecode.swift; path = UploadedImageViewController.swift; sourceTree = "<group>"; };
		F508E1F9497F7DB192D57F5A /* Pods-cosci-activity-kpi.debug.xcconfig */ = {isa = PBXFileReference; includeInIndex = 1; lastKnownFileType = text.xcconfig; name = "Pods-cosci-activity-kpi.debug.xcconfig"; path = "Target Support Files/Pods-cosci-activity-kpi/Pods-cosci-activity-kpi.debug.xcconfig"; sourceTree = "<group>"; };
/* End PBXFileReference section */

/* Begin PBXFrameworksBuildPhase section */
		CBA858A429CF77CF00D863CC /* Frameworks */ = {
			isa = PBXFrameworksBuildPhase;
			buildActionMask = 2147483647;
			files = (
				3FB760549DFF40AAEED13067 /* Pods_cosci_activity_kpi.framework in Frameworks */,
			);
			runOnlyForDeploymentPostprocessing = 0;
		};
		CBA858BA29CF77D200D863CC /* Frameworks */ = {
			isa = PBXFrameworksBuildPhase;
			buildActionMask = 2147483647;
			files = (
			);
			runOnlyForDeploymentPostprocessing = 0;
		};
		CBA858C429CF77D200D863CC /* Frameworks */ = {
			isa = PBXFrameworksBuildPhase;
			buildActionMask = 2147483647;
			files = (
			);
			runOnlyForDeploymentPostprocessing = 0;
		};
/* End PBXFrameworksBuildPhase section */

/* Begin PBXGroup section */
		10DD3BB20824E1D471239338 /* Pods */ = {
			isa = PBXGroup;
			children = (
				F508E1F9497F7DB192D57F5A /* Pods-cosci-activity-kpi.debug.xcconfig */,
				A013922E8BFA0CB27EB073F5 /* Pods-cosci-activity-kpi.release.xcconfig */,
			);
			path = Pods;
			sourceTree = "<group>";
		};
		2D246DDC29E8815F00646D19 /* Common */ = {
			isa = PBXGroup;
			children = (
				2D246DDD29E881E400646D19 /* CustomButton.swift */,
				2D246DDF29E8891900646D19 /* CustomTextField.swift */,
				2D246E0629E8915600646D19 /* CustomLable.swift */,
				2DE6AE6029EF0B2D002C8965 /* CustomSegment.swift */,
				2D50241D29F4A0B800D9A310 /* CustomShadowCard.swift */,
			);
			path = Common;
			sourceTree = "<group>";
		};
		2D26683329EDAD9300FD5C2A /* CustomFonts */ = {
			isa = PBXGroup;
			children = (
				2D26683729EDADBE00FD5C2A /* Kanit-Black.ttf */,
				2D26683B29EDADBE00FD5C2A /* Kanit-BlackItalic.ttf */,
				2D26683F29EDADBE00FD5C2A /* Kanit-Bold.ttf */,
				2D26684329EDADBE00FD5C2A /* Kanit-BoldItalic.ttf */,
				2D26683529EDADBD00FD5C2A /* Kanit-ExtraBold.ttf */,
				2D26684429EDADBE00FD5C2A /* Kanit-ExtraBoldItalic.ttf */,
				2D26684129EDADBE00FD5C2A /* Kanit-ExtraLight.ttf */,
				2D26683D29EDADBE00FD5C2A /* Kanit-ExtraLightItalic.ttf */,
				2D26683C29EDADBE00FD5C2A /* Kanit-Italic.ttf */,
				2D26683629EDADBE00FD5C2A /* Kanit-Light.ttf */,
				2D26683929EDADBE00FD5C2A /* Kanit-LightItalic.ttf */,
				2D26684229EDADBE00FD5C2A /* Kanit-Medium.ttf */,
				2D26684529EDADBE00FD5C2A /* Kanit-MediumItalic.ttf */,
				2D26683E29EDADBE00FD5C2A /* Kanit-Regular.ttf */,
				2D26684029EDADBE00FD5C2A /* Kanit-SemiBold.ttf */,
				2D26683829EDADBE00FD5C2A /* Kanit-SemiBoldItalic.ttf */,
				2D26683A29EDADBE00FD5C2A /* Kanit-Thin.ttf */,
				2D26683429EDADBD00FD5C2A /* Kanit-ThinItalic.ttf */,
			);
			path = CustomFonts;
			sourceTree = "<group>";
		};
		2D858FBC2A12AF340001F183 /* CollectionViewCell */ = {
			isa = PBXGroup;
			children = (
				2D8480552A123F3800FF0CF3 /* ImageCell.swift */,
				2D8480592A127F1F00FF0CF3 /* ImageUploadSuccessCell.swift */,
				2D8480572A12587E00FF0CF3 /* ImageUploadListCell.swift */,
				2D84805B2A12AA5A00FF0CF3 /* HistoryDetailViewCell.swift */,
			);
			path = CollectionViewCell;
			sourceTree = "<group>";
		};
		B13C86DA5A30A177312D4A13 /* Frameworks */ = {
			isa = PBXGroup;
			children = (
				B414E1EDE0E4AF2B09FA93AC /* Pods_cosci_activity_kpi.framework */,
			);
			name = Frameworks;
			sourceTree = "<group>";
		};
		CB96591229DC384D00FF309A /* AuthController */ = {
			isa = PBXGroup;
			children = (
				CB96591529DC38DF00FF309A /* StudentUploadedViewController.swift */,
				CBA2E1DA29D5F9AC0078E722 /* TacherUploadedViewController.swift */,
				CB96591B29DC39C000FF309A /* OTPVerifyStudentViewController.swift */,
				CBAC2B9429DEF7E90032FEF9 /* OTPVerifyTeacherViewController.swift */,
				CB095D0429DF26C4007E456C /* ForgotStudentViewController.swift */,
				CB095D0629DF26D0007E456C /* ForgotTeacherViewController.swift */,
				CB96591929DC397600FF309A /* TeacherRegisterViewController.swift */,
				CB96591729DC396B00FF309A /* StudentRegisterViewController.swift */,
				CBE09EC529DE097F00F7566E /* SelectRoleRegisterViewController.swift */,
				CBAA505C29E73CE40023B3C5 /* SelectRoleForgotPasswordViewController.swift */,
				CB96591329DC388400FF309A /* LoginViewController.swift */,
			);
			path = AuthController;
			sourceTree = "<group>";
		};
		CB96591D29DC39F000FF309A /* TeacherController */ = {
			isa = PBXGroup;
			children = (
				CB96591F29DC3D5200FF309A /* TeacherKPIListViewController.swift */,
				CB96592929DC40C600FF309A /* TeacherHistoryViewController.swift */,
				CB96592B29DC410800FF309A /* TeachProfileViewController.swift */,
				CBAA506029E753CB0023B3C5 /* TeacherChangePasswordViewController.swift */,
			);
			path = TeacherController;
			sourceTree = "<group>";
		};
		CB96591E29DC3A0A00FF309A /* StudentController */ = {
			isa = PBXGroup;
			children = (
				CB96592129DC3D7100FF309A /* StudentEventListViewController.swift */,
				CBCDFFB129ECAA860072223C /* StudentEventDetailViewController.swift */,
				CBCDFFB329ECB7AC0072223C /* StudentSentRequestViewController.swift */,
				CBFBFF312A0FA49E002D20EA /* UploadedImageViewController.swift */,
				CB96592529DC405100FF309A /* StudentHistoryViewController.swift */,
				CBCDFFB529ECB8E00072223C /* StudentHistoryDetailViewController.swift */,
				CB96592329DC403F00FF309A /* StudentCheckHistoryViewController.swift */,
				CB96592729DC40A000FF309A /* StudentProfileViewController.swift */,
				CBAA505E29E753B60023B3C5 /* StudentChangePasswordViewController.swift */,
				2D858FBC2A12AF340001F183 /* CollectionViewCell */,
			);
			path = StudentController;
			sourceTree = "<group>";
		};
		CBA8589E29CF77CF00D863CC = {
			isa = PBXGroup;
			children = (
				CBA858A929CF77CF00D863CC /* cosci-activity-kpi */,
				CBA858C029CF77D200D863CC /* cosci-activity-kpiTests */,
				CBA858CA29CF77D200D863CC /* cosci-activity-kpiUITests */,
				CBA858A829CF77CF00D863CC /* Products */,
				10DD3BB20824E1D471239338 /* Pods */,
				B13C86DA5A30A177312D4A13 /* Frameworks */,
			);
			sourceTree = "<group>";
		};
		CBA858A829CF77CF00D863CC /* Products */ = {
			isa = PBXGroup;
			children = (
				CBA858A729CF77CF00D863CC /* cosci-activity-kpi.app */,
				CBA858BD29CF77D200D863CC /* cosci-activity-kpiTests.xctest */,
				CBA858C729CF77D200D863CC /* cosci-activity-kpiUITests.xctest */,
			);
			name = Products;
			sourceTree = "<group>";
		};
		CBA858A929CF77CF00D863CC /* cosci-activity-kpi */ = {
			isa = PBXGroup;
			children = (
				CBA858DD29CF781E00D863CC /* Services */,
				CBA858E129CF781E00D863CC /* Utilities */,
				CBA858DF29CF781E00D863CC /* ViewModel */,
				CBA858DA29CF77F800D863CC /* Model */,
				CBA858AA29CF77CF00D863CC /* AppDelegate.swift */,
				CBA858AC29CF77CF00D863CC /* SceneDelegate.swift */,
				CBA858ED29CF787B00D863CC /* View */,
				CBA858B029CF77CF00D863CC /* Main.storyboard */,
				CBA858B329CF77D100D863CC /* Assets.xcassets */,
				CBA858B529CF77D200D863CC /* LaunchScreen.storyboard */,
				CBA858B829CF77D200D863CC /* Info.plist */,
			);
			path = "cosci-activity-kpi";
			sourceTree = "<group>";
		};
		CBA858C029CF77D200D863CC /* cosci-activity-kpiTests */ = {
			isa = PBXGroup;
			children = (
				CBA858C129CF77D200D863CC /* cosci_activity_kpiTests.swift */,
			);
			path = "cosci-activity-kpiTests";
			sourceTree = "<group>";
		};
		CBA858CA29CF77D200D863CC /* cosci-activity-kpiUITests */ = {
			isa = PBXGroup;
			children = (
				CBA858CB29CF77D200D863CC /* cosci_activity_kpiUITests.swift */,
				CBA858CD29CF77D200D863CC /* cosci_activity_kpiUITestsLaunchTests.swift */,
			);
			path = "cosci-activity-kpiUITests";
			sourceTree = "<group>";
		};
		CBA858DA29CF77F800D863CC /* Model */ = {
			isa = PBXGroup;
			children = (
				CBA858EF29CF78B700D863CC /* eventModel.swift */,
				CBA858F129CF78C600D863CC /* fileModel.swift */,
				CBA858F329CF78D700D863CC /* otpModel.swift */,
				CBA858F529CF78E600D863CC /* requestModel.swift */,
				CBA858F729CF78FA00D863CC /* studentRegisteredModel.swift */,
				CBA858F929CF790D00D863CC /* studentUploadedModel.swift */,
				CBA858FB29CF791F00D863CC /* teacherRegisteredModel.swift */,
				CBA858FD29CF793100D863CC /* teacherUploadedModel.swift */,
			);
			path = Model;
			sourceTree = "<group>";
		};
		CBA858DD29CF781E00D863CC /* Services */ = {
			isa = PBXGroup;
			children = (
				CBA858DE29CF781E00D863CC /* Constants.swift */,
				CBA2E1D629D5F3130078E722 /* Error.swift */,
				2D26687C29EDAF3B00FD5C2A /* ConstantsInterface.swift */,
			);
			path = Services;
			sourceTree = "<group>";
		};
		CBA858DF29CF781E00D863CC /* ViewModel */ = {
			isa = PBXGroup;
			children = (
				CBA858E029CF781E00D863CC /* AuthViewModel.swift */,
				CB69851629EF4CEB00607285 /* FileViewModel.swift */,
				CBAA505829E622B90023B3C5 /* StudentViewModel.swift */,
				CBAA505A29E622C70023B3C5 /* TeacherViewModel.swift */,
			);
			path = ViewModel;
			sourceTree = "<group>";
		};
		CBA858E129CF781E00D863CC /* Utilities */ = {
			isa = PBXGroup;
			children = (
				2D26683329EDAD9300FD5C2A /* CustomFonts */,
				2D246DDC29E8815F00646D19 /* Common */,
				CBA858E629CF781E00D863CC /* AppUtils.swift */,
				CBA858E229CF781E00D863CC /* ExtensionsHelper.swift */,
				CBA858E329CF781E00D863CC /* Form */,
			);
			path = Utilities;
			sourceTree = "<group>";
		};
		CBA858E329CF781E00D863CC /* Form */ = {
			isa = PBXGroup;
			children = (
				CBA858E429CF781E00D863CC /* AuthForm.swift */,
				CBA858E529CF781E00D863CC /* OTPVerifyForm.swift */,
			);
			path = Form;
			sourceTree = "<group>";
		};
		CBA858ED29CF787B00D863CC /* View */ = {
			isa = PBXGroup;
			children = (
				CB96591E29DC3A0A00FF309A /* StudentController */,
				CB96591D29DC39F000FF309A /* TeacherController */,
				CB96591229DC384D00FF309A /* AuthController */,
				CBA858EE29CF788200D863CC /* Cell */,
			);
			path = View;
			sourceTree = "<group>";
		};
		CBA858EE29CF788200D863CC /* Cell */ = {
			isa = PBXGroup;
			children = (
				CB1CDA2F29EB390D005A6F5C /* EventTableViewCell.swift */,
				CB1CDA3029EB390D005A6F5C /* EventTableViewCell.xib */,
				CBCDFFB729ECBB6C0072223C /* HistoryTableViewCell.swift */,
				CBCDFFB829ECBB6C0072223C /* HistoryTableViewCell.xib */,
			);
			path = Cell;
			sourceTree = "<group>";
		};
/* End PBXGroup section */

/* Begin PBXNativeTarget section */
		CBA858A629CF77CF00D863CC /* cosci-activity-kpi */ = {
			isa = PBXNativeTarget;
			buildConfigurationList = CBA858D129CF77D200D863CC /* Build configuration list for PBXNativeTarget "cosci-activity-kpi" */;
			buildPhases = (
				6E3EA3365614089569671B96 /* [CP] Check Pods Manifest.lock */,
				CBA858A329CF77CF00D863CC /* Sources */,
				CBA858A429CF77CF00D863CC /* Frameworks */,
				CBA858A529CF77CF00D863CC /* Resources */,
				47C0FB93674BB78A6FBDE8D4 /* [CP] Embed Pods Frameworks */,
			);
			buildRules = (
			);
			dependencies = (
			);
			name = "cosci-activity-kpi";
			productName = "cosci-activity-kpi";
			productReference = CBA858A729CF77CF00D863CC /* cosci-activity-kpi.app */;
			productType = "com.apple.product-type.application";
		};
		CBA858BC29CF77D200D863CC /* cosci-activity-kpiTests */ = {
			isa = PBXNativeTarget;
			buildConfigurationList = CBA858D429CF77D200D863CC /* Build configuration list for PBXNativeTarget "cosci-activity-kpiTests" */;
			buildPhases = (
				CBA858B929CF77D200D863CC /* Sources */,
				CBA858BA29CF77D200D863CC /* Frameworks */,
				CBA858BB29CF77D200D863CC /* Resources */,
			);
			buildRules = (
			);
			dependencies = (
				CBA858BF29CF77D200D863CC /* PBXTargetDependency */,
			);
			name = "cosci-activity-kpiTests";
			productName = "cosci-activity-kpiTests";
			productReference = CBA858BD29CF77D200D863CC /* cosci-activity-kpiTests.xctest */;
			productType = "com.apple.product-type.bundle.unit-test";
		};
		CBA858C629CF77D200D863CC /* cosci-activity-kpiUITests */ = {
			isa = PBXNativeTarget;
			buildConfigurationList = CBA858D729CF77D200D863CC /* Build configuration list for PBXNativeTarget "cosci-activity-kpiUITests" */;
			buildPhases = (
				CBA858C329CF77D200D863CC /* Sources */,
				CBA858C429CF77D200D863CC /* Frameworks */,
				CBA858C529CF77D200D863CC /* Resources */,
			);
			buildRules = (
			);
			dependencies = (
				CBA858C929CF77D200D863CC /* PBXTargetDependency */,
			);
			name = "cosci-activity-kpiUITests";
			productName = "cosci-activity-kpiUITests";
			productReference = CBA858C729CF77D200D863CC /* cosci-activity-kpiUITests.xctest */;
			productType = "com.apple.product-type.bundle.ui-testing";
		};
/* End PBXNativeTarget section */

/* Begin PBXProject section */
		CBA8589F29CF77CF00D863CC /* Project object */ = {
			isa = PBXProject;
			attributes = {
				BuildIndependentTargetsInParallel = 1;
				LastSwiftUpdateCheck = 1420;
				LastUpgradeCheck = 1420;
				TargetAttributes = {
					CBA858A629CF77CF00D863CC = {
						CreatedOnToolsVersion = 14.2;
					};
					CBA858BC29CF77D200D863CC = {
						CreatedOnToolsVersion = 14.2;
						TestTargetID = CBA858A629CF77CF00D863CC;
					};
					CBA858C629CF77D200D863CC = {
						CreatedOnToolsVersion = 14.2;
						TestTargetID = CBA858A629CF77CF00D863CC;
					};
				};
			};
			buildConfigurationList = CBA858A229CF77CF00D863CC /* Build configuration list for PBXProject "cosci-activity-kpi" */;
			compatibilityVersion = "Xcode 14.0";
			developmentRegion = en;
			hasScannedForEncodings = 0;
			knownRegions = (
				en,
				Base,
			);
			mainGroup = CBA8589E29CF77CF00D863CC;
			productRefGroup = CBA858A829CF77CF00D863CC /* Products */;
			projectDirPath = "";
			projectRoot = "";
			targets = (
				CBA858A629CF77CF00D863CC /* cosci-activity-kpi */,
				CBA858BC29CF77D200D863CC /* cosci-activity-kpiTests */,
				CBA858C629CF77D200D863CC /* cosci-activity-kpiUITests */,
			);
		};
/* End PBXProject section */

/* Begin PBXResourcesBuildPhase section */
		CBA858A529CF77CF00D863CC /* Resources */ = {
			isa = PBXResourcesBuildPhase;
			buildActionMask = 2147483647;
			files = (
				CB1CDA3229EB390D005A6F5C /* EventTableViewCell.xib in Resources */,
				CBCDFFBA29ECBB6C0072223C /* HistoryTableViewCell.xib in Resources */,
				2D26687929EDADBE00FD5C2A /* Kanit-MediumItalic.ttf in Resources */,
				2D26686D29EDADBE00FD5C2A /* Kanit-ExtraLight.ttf in Resources */,
				CBA858B729CF77D200D863CC /* LaunchScreen.storyboard in Resources */,
				2D26686429EDADBE00FD5C2A /* Kanit-Regular.ttf in Resources */,
				2D26686729EDADBE00FD5C2A /* Kanit-Bold.ttf in Resources */,
				2D26686A29EDADBE00FD5C2A /* Kanit-SemiBold.ttf in Resources */,
				2D26684F29EDADBE00FD5C2A /* Kanit-Black.ttf in Resources */,
				2D26684629EDADBE00FD5C2A /* Kanit-ThinItalic.ttf in Resources */,
				2D26685829EDADBE00FD5C2A /* Kanit-Thin.ttf in Resources */,
				2D26685529EDADBE00FD5C2A /* Kanit-LightItalic.ttf in Resources */,
				2D26685229EDADBE00FD5C2A /* Kanit-SemiBoldItalic.ttf in Resources */,
				2D26685E29EDADBE00FD5C2A /* Kanit-Italic.ttf in Resources */,
				CBA858B429CF77D100D863CC /* Assets.xcassets in Resources */,
				2D26686129EDADBE00FD5C2A /* Kanit-ExtraLightItalic.ttf in Resources */,
				CBA858B229CF77CF00D863CC /* Main.storyboard in Resources */,
				2D26684929EDADBE00FD5C2A /* Kanit-ExtraBold.ttf in Resources */,
				2D26687029EDADBE00FD5C2A /* Kanit-Medium.ttf in Resources */,
				2D26687629EDADBE00FD5C2A /* Kanit-ExtraBoldItalic.ttf in Resources */,
				2D26687329EDADBE00FD5C2A /* Kanit-BoldItalic.ttf in Resources */,
				2D26685B29EDADBE00FD5C2A /* Kanit-BlackItalic.ttf in Resources */,
				2D26684C29EDADBE00FD5C2A /* Kanit-Light.ttf in Resources */,
			);
			runOnlyForDeploymentPostprocessing = 0;
		};
		CBA858BB29CF77D200D863CC /* Resources */ = {
			isa = PBXResourcesBuildPhase;
			buildActionMask = 2147483647;
			files = (
				2D26686229EDADBE00FD5C2A /* Kanit-ExtraLightItalic.ttf in Resources */,
				2D26687A29EDADBE00FD5C2A /* Kanit-MediumItalic.ttf in Resources */,
				2D26685C29EDADBE00FD5C2A /* Kanit-BlackItalic.ttf in Resources */,
				2D26685329EDADBE00FD5C2A /* Kanit-SemiBoldItalic.ttf in Resources */,
				2D26686829EDADBE00FD5C2A /* Kanit-Bold.ttf in Resources */,
				2D26686E29EDADBE00FD5C2A /* Kanit-ExtraLight.ttf in Resources */,
				2D26685029EDADBE00FD5C2A /* Kanit-Black.ttf in Resources */,
				2D26684A29EDADBE00FD5C2A /* Kanit-ExtraBold.ttf in Resources */,
				2D26687129EDADBE00FD5C2A /* Kanit-Medium.ttf in Resources */,
				2D26685629EDADBE00FD5C2A /* Kanit-LightItalic.ttf in Resources */,
				2D26685929EDADBE00FD5C2A /* Kanit-Thin.ttf in Resources */,
				2D26684D29EDADBE00FD5C2A /* Kanit-Light.ttf in Resources */,
				2D26687429EDADBE00FD5C2A /* Kanit-BoldItalic.ttf in Resources */,
				2D26686B29EDADBE00FD5C2A /* Kanit-SemiBold.ttf in Resources */,
				2D26687729EDADBE00FD5C2A /* Kanit-ExtraBoldItalic.ttf in Resources */,
				2D26684729EDADBE00FD5C2A /* Kanit-ThinItalic.ttf in Resources */,
				2D26686529EDADBE00FD5C2A /* Kanit-Regular.ttf in Resources */,
				2D26685F29EDADBE00FD5C2A /* Kanit-Italic.ttf in Resources */,
			);
			runOnlyForDeploymentPostprocessing = 0;
		};
		CBA858C529CF77D200D863CC /* Resources */ = {
			isa = PBXResourcesBuildPhase;
			buildActionMask = 2147483647;
			files = (
				2D26686329EDADBE00FD5C2A /* Kanit-ExtraLightItalic.ttf in Resources */,
				2D26687B29EDADBE00FD5C2A /* Kanit-MediumItalic.ttf in Resources */,
				2D26685D29EDADBE00FD5C2A /* Kanit-BlackItalic.ttf in Resources */,
				2D26685429EDADBE00FD5C2A /* Kanit-SemiBoldItalic.ttf in Resources */,
				2D26686929EDADBE00FD5C2A /* Kanit-Bold.ttf in Resources */,
				2D26686F29EDADBE00FD5C2A /* Kanit-ExtraLight.ttf in Resources */,
				2D26685129EDADBE00FD5C2A /* Kanit-Black.ttf in Resources */,
				2D26684B29EDADBE00FD5C2A /* Kanit-ExtraBold.ttf in Resources */,
				2D26687229EDADBE00FD5C2A /* Kanit-Medium.ttf in Resources */,
				2D26685729EDADBE00FD5C2A /* Kanit-LightItalic.ttf in Resources */,
				2D26685A29EDADBE00FD5C2A /* Kanit-Thin.ttf in Resources */,
				2D26684E29EDADBE00FD5C2A /* Kanit-Light.ttf in Resources */,
				2D26687529EDADBE00FD5C2A /* Kanit-BoldItalic.ttf in Resources */,
				2D26686C29EDADBE00FD5C2A /* Kanit-SemiBold.ttf in Resources */,
				2D26687829EDADBE00FD5C2A /* Kanit-ExtraBoldItalic.ttf in Resources */,
				2D26684829EDADBE00FD5C2A /* Kanit-ThinItalic.ttf in Resources */,
				2D26686629EDADBE00FD5C2A /* Kanit-Regular.ttf in Resources */,
				2D26686029EDADBE00FD5C2A /* Kanit-Italic.ttf in Resources */,
			);
			runOnlyForDeploymentPostprocessing = 0;
		};
/* End PBXResourcesBuildPhase section */

/* Begin PBXShellScriptBuildPhase section */
		47C0FB93674BB78A6FBDE8D4 /* [CP] Embed Pods Frameworks */ = {
			isa = PBXShellScriptBuildPhase;
			buildActionMask = 2147483647;
			files = (
			);
			inputFileListPaths = (
				"${PODS_ROOT}/Target Support Files/Pods-cosci-activity-kpi/Pods-cosci-activity-kpi-frameworks-${CONFIGURATION}-input-files.xcfilelist",
			);
			name = "[CP] Embed Pods Frameworks";
			outputFileListPaths = (
				"${PODS_ROOT}/Target Support Files/Pods-cosci-activity-kpi/Pods-cosci-activity-kpi-frameworks-${CONFIGURATION}-output-files.xcfilelist",
			);
			runOnlyForDeploymentPostprocessing = 0;
			shellPath = /bin/sh;
			shellScript = "\"${PODS_ROOT}/Target Support Files/Pods-cosci-activity-kpi/Pods-cosci-activity-kpi-frameworks.sh\"\n";
			showEnvVarsInLog = 0;
		};
		6E3EA3365614089569671B96 /* [CP] Check Pods Manifest.lock */ = {
			isa = PBXShellScriptBuildPhase;
			buildActionMask = 2147483647;
			files = (
			);
			inputFileListPaths = (
			);
			inputPaths = (
				"${PODS_PODFILE_DIR_PATH}/Podfile.lock",
				"${PODS_ROOT}/Manifest.lock",
			);
			name = "[CP] Check Pods Manifest.lock";
			outputFileListPaths = (
			);
			outputPaths = (
				"$(DERIVED_FILE_DIR)/Pods-cosci-activity-kpi-checkManifestLockResult.txt",
			);
			runOnlyForDeploymentPostprocessing = 0;
			shellPath = /bin/sh;
			shellScript = "diff \"${PODS_PODFILE_DIR_PATH}/Podfile.lock\" \"${PODS_ROOT}/Manifest.lock\" > /dev/null\nif [ $? != 0 ] ; then\n    # print error to STDERR\n    echo \"error: The sandbox is not in sync with the Podfile.lock. Run 'pod install' or update your CocoaPods installation.\" >&2\n    exit 1\nfi\n# This output is used by Xcode 'outputs' to avoid re-running this script phase.\necho \"SUCCESS\" > \"${SCRIPT_OUTPUT_FILE_0}\"\n";
			showEnvVarsInLog = 0;
		};
/* End PBXShellScriptBuildPhase section */

/* Begin PBXSourcesBuildPhase section */
		CBA858A329CF77CF00D863CC /* Sources */ = {
			isa = PBXSourcesBuildPhase;
			buildActionMask = 2147483647;
			files = (
				CB96591829DC396B00FF309A /* StudentRegisterViewController.swift in Sources */,
				2D246E0729E8915600646D19 /* CustomLable.swift in Sources */,
				CB96591C29DC39C000FF309A /* OTPVerifyStudentViewController.swift in Sources */,
				CBAC2B9529DEF7E90032FEF9 /* OTPVerifyTeacherViewController.swift in Sources */,
				CBA858FA29CF790D00D863CC /* studentUploadedModel.swift in Sources */,
				2D246DDE29E881E400646D19 /* CustomButton.swift in Sources */,
				CB96592229DC3D7100FF309A /* StudentEventListViewController.swift in Sources */,
				CBAA505B29E622C70023B3C5 /* TeacherViewModel.swift in Sources */,
				2D246DE029E8891900646D19 /* CustomTextField.swift in Sources */,
				CBAA505929E622B90023B3C5 /* StudentViewModel.swift in Sources */,
				CBE09EC629DE097F00F7566E /* SelectRoleRegisterViewController.swift in Sources */,
				CBA858E729CF781E00D863CC /* Constants.swift in Sources */,
				CBA858FC29CF791F00D863CC /* teacherRegisteredModel.swift in Sources */,
				CBAA505F29E753B70023B3C5 /* StudentChangePasswordViewController.swift in Sources */,
				2D84805A2A127F1F00FF0CF3 /* ImageUploadSuccessCell.swift in Sources */,
				CB96592A29DC40C600FF309A /* TeacherHistoryViewController.swift in Sources */,
				CBA858F429CF78D700D863CC /* otpModel.swift in Sources */,
				CBFBFF322A0FA49E002D20EA /* UploadedImageViewController.swift in Sources */,
				CB96591429DC388400FF309A /* LoginViewController.swift in Sources */,
				CBA858F629CF78E700D863CC /* requestModel.swift in Sources */,
				CBCDFFB629ECB8E00072223C /* StudentHistoryDetailViewController.swift in Sources */,
				CB095D0529DF26C4007E456C /* ForgotStudentViewController.swift in Sources */,
				2D84805C2A12AA5A00FF0CF3 /* HistoryDetailViewCell.swift in Sources */,
				CB96592C29DC410800FF309A /* TeachProfileViewController.swift in Sources */,
				CB96592029DC3D5200FF309A /* TeacherKPIListViewController.swift in Sources */,
				CBAA505D29E73CE40023B3C5 /* SelectRoleForgotPasswordViewController.swift in Sources */,
				2DE6AE6129EF0B2D002C8965 /* CustomSegment.swift in Sources */,
				CBA858F829CF78FA00D863CC /* studentRegisteredModel.swift in Sources */,
				CBA858F229CF78C600D863CC /* fileModel.swift in Sources */,
				CB96592829DC40A000FF309A /* StudentProfileViewController.swift in Sources */,
				CBA858EB29CF781E00D863CC /* OTPVerifyForm.swift in Sources */,
				CBCDFFB929ECBB6C0072223C /* HistoryTableViewCell.swift in Sources */,
				CB96591A29DC397600FF309A /* TeacherRegisterViewController.swift in Sources */,
				CBA858E829CF781E00D863CC /* AuthViewModel.swift in Sources */,
				CBA858F029CF78B700D863CC /* eventModel.swift in Sources */,
				CBAA506129E753CB0023B3C5 /* TeacherChangePasswordViewController.swift in Sources */,
				CB96592429DC403F00FF309A /* StudentCheckHistoryViewController.swift in Sources */,
				2D8480562A123F3800FF0CF3 /* ImageCell.swift in Sources */,
				2D26687D29EDAF3B00FD5C2A /* ConstantsInterface.swift in Sources */,
				CBA858AB29CF77CF00D863CC /* AppDelegate.swift in Sources */,
				CB69851729EF4CEB00607285 /* FileViewModel.swift in Sources */,
				2D50241E29F4A0B800D9A310 /* CustomShadowCard.swift in Sources */,
				CBA858FE29CF793100D863CC /* teacherUploadedModel.swift in Sources */,
				CB96592629DC405100FF309A /* StudentHistoryViewController.swift in Sources */,
				CBA858EC29CF781E00D863CC /* AppUtils.swift in Sources */,
				CB96591629DC38DF00FF309A /* StudentUploadedViewController.swift in Sources */,
				CB095D0729DF26D0007E456C /* ForgotTeacherViewController.swift in Sources */,
				CBCDFFB429ECB7AC0072223C /* StudentSentRequestViewController.swift in Sources */,
				CBA858E929CF781E00D863CC /* ExtensionsHelper.swift in Sources */,
				CBA858AD29CF77CF00D863CC /* SceneDelegate.swift in Sources */,
				2D8480582A12587E00FF0CF3 /* ImageUploadListCell.swift in Sources */,
				CBA2E1D729D5F3130078E722 /* Error.swift in Sources */,
				CBCDFFB229ECAA860072223C /* StudentEventDetailViewController.swift in Sources */,
				CBA2E1DB29D5F9AC0078E722 /* TacherUploadedViewController.swift in Sources */,
				CB1CDA3129EB390D005A6F5C /* EventTableViewCell.swift in Sources */,
				CBA858EA29CF781E00D863CC /* AuthForm.swift in Sources */,
			);
			runOnlyForDeploymentPostprocessing = 0;
		};
		CBA858B929CF77D200D863CC /* Sources */ = {
			isa = PBXSourcesBuildPhase;
			buildActionMask = 2147483647;
			files = (
				CBA858C229CF77D200D863CC /* cosci_activity_kpiTests.swift in Sources */,
				2D26687E29EDAF3B00FD5C2A /* ConstantsInterface.swift in Sources */,
			);
			runOnlyForDeploymentPostprocessing = 0;
		};
		CBA858C329CF77D200D863CC /* Sources */ = {
			isa = PBXSourcesBuildPhase;
			buildActionMask = 2147483647;
			files = (
				2D26687F29EDAF3B00FD5C2A /* ConstantsInterface.swift in Sources */,
				CBA858CE29CF77D200D863CC /* cosci_activity_kpiUITestsLaunchTests.swift in Sources */,
				CBA858CC29CF77D200D863CC /* cosci_activity_kpiUITests.swift in Sources */,
			);
			runOnlyForDeploymentPostprocessing = 0;
		};
/* End PBXSourcesBuildPhase section */

/* Begin PBXTargetDependency section */
		CBA858BF29CF77D200D863CC /* PBXTargetDependency */ = {
			isa = PBXTargetDependency;
			target = CBA858A629CF77CF00D863CC /* cosci-activity-kpi */;
			targetProxy = CBA858BE29CF77D200D863CC /* PBXContainerItemProxy */;
		};
		CBA858C929CF77D200D863CC /* PBXTargetDependency */ = {
			isa = PBXTargetDependency;
			target = CBA858A629CF77CF00D863CC /* cosci-activity-kpi */;
			targetProxy = CBA858C829CF77D200D863CC /* PBXContainerItemProxy */;
		};
/* End PBXTargetDependency section */

/* Begin PBXVariantGroup section */
		CBA858B029CF77CF00D863CC /* Main.storyboard */ = {
			isa = PBXVariantGroup;
			children = (
				CBA858B129CF77CF00D863CC /* Base */,
			);
			name = Main.storyboard;
			sourceTree = "<group>";
		};
		CBA858B529CF77D200D863CC /* LaunchScreen.storyboard */ = {
			isa = PBXVariantGroup;
			children = (
				CBA858B629CF77D200D863CC /* Base */,
			);
			name = LaunchScreen.storyboard;
			sourceTree = "<group>";
		};
/* End PBXVariantGroup section */

/* Begin XCBuildConfiguration section */
		CBA858CF29CF77D200D863CC /* Debug */ = {
			isa = XCBuildConfiguration;
			buildSettings = {
				ALWAYS_SEARCH_USER_PATHS = NO;
				CLANG_ANALYZER_NONNULL = YES;
				CLANG_ANALYZER_NUMBER_OBJECT_CONVERSION = YES_AGGRESSIVE;
				CLANG_CXX_LANGUAGE_STANDARD = "gnu++20";
				CLANG_ENABLE_MODULES = YES;
				CLANG_ENABLE_OBJC_ARC = YES;
				CLANG_ENABLE_OBJC_WEAK = YES;
				CLANG_WARN_BLOCK_CAPTURE_AUTORELEASING = YES;
				CLANG_WARN_BOOL_CONVERSION = YES;
				CLANG_WARN_COMMA = YES;
				CLANG_WARN_CONSTANT_CONVERSION = YES;
				CLANG_WARN_DEPRECATED_OBJC_IMPLEMENTATIONS = YES;
				CLANG_WARN_DIRECT_OBJC_ISA_USAGE = YES_ERROR;
				CLANG_WARN_DOCUMENTATION_COMMENTS = YES;
				CLANG_WARN_EMPTY_BODY = YES;
				CLANG_WARN_ENUM_CONVERSION = YES;
				CLANG_WARN_INFINITE_RECURSION = YES;
				CLANG_WARN_INT_CONVERSION = YES;
				CLANG_WARN_NON_LITERAL_NULL_CONVERSION = YES;
				CLANG_WARN_OBJC_IMPLICIT_RETAIN_SELF = YES;
				CLANG_WARN_OBJC_LITERAL_CONVERSION = YES;
				CLANG_WARN_OBJC_ROOT_CLASS = YES_ERROR;
				CLANG_WARN_QUOTED_INCLUDE_IN_FRAMEWORK_HEADER = YES;
				CLANG_WARN_RANGE_LOOP_ANALYSIS = YES;
				CLANG_WARN_STRICT_PROTOTYPES = YES;
				CLANG_WARN_SUSPICIOUS_MOVE = YES;
				CLANG_WARN_UNGUARDED_AVAILABILITY = YES_AGGRESSIVE;
				CLANG_WARN_UNREACHABLE_CODE = YES;
				CLANG_WARN__DUPLICATE_METHOD_MATCH = YES;
				COPY_PHASE_STRIP = NO;
				DEBUG_INFORMATION_FORMAT = dwarf;
				ENABLE_STRICT_OBJC_MSGSEND = YES;
				ENABLE_TESTABILITY = YES;
				GCC_C_LANGUAGE_STANDARD = gnu11;
				GCC_DYNAMIC_NO_PIC = NO;
				GCC_NO_COMMON_BLOCKS = YES;
				GCC_OPTIMIZATION_LEVEL = 0;
				GCC_PREPROCESSOR_DEFINITIONS = (
					"DEBUG=1",
					"$(inherited)",
				);
				GCC_WARN_64_TO_32_BIT_CONVERSION = YES;
				GCC_WARN_ABOUT_RETURN_TYPE = YES_ERROR;
				GCC_WARN_UNDECLARED_SELECTOR = YES;
				GCC_WARN_UNINITIALIZED_AUTOS = YES_AGGRESSIVE;
				GCC_WARN_UNUSED_FUNCTION = YES;
				GCC_WARN_UNUSED_VARIABLE = YES;
				IPHONEOS_DEPLOYMENT_TARGET = 16.2;
				MTL_ENABLE_DEBUG_INFO = INCLUDE_SOURCE;
				MTL_FAST_MATH = YES;
				ONLY_ACTIVE_ARCH = YES;
				SDKROOT = iphoneos;
				SWIFT_ACTIVE_COMPILATION_CONDITIONS = DEBUG;
				SWIFT_OPTIMIZATION_LEVEL = "-Onone";
			};
			name = Debug;
		};
		CBA858D029CF77D200D863CC /* Release */ = {
			isa = XCBuildConfiguration;
			buildSettings = {
				ALWAYS_SEARCH_USER_PATHS = NO;
				CLANG_ANALYZER_NONNULL = YES;
				CLANG_ANALYZER_NUMBER_OBJECT_CONVERSION = YES_AGGRESSIVE;
				CLANG_CXX_LANGUAGE_STANDARD = "gnu++20";
				CLANG_ENABLE_MODULES = YES;
				CLANG_ENABLE_OBJC_ARC = YES;
				CLANG_ENABLE_OBJC_WEAK = YES;
				CLANG_WARN_BLOCK_CAPTURE_AUTORELEASING = YES;
				CLANG_WARN_BOOL_CONVERSION = YES;
				CLANG_WARN_COMMA = YES;
				CLANG_WARN_CONSTANT_CONVERSION = YES;
				CLANG_WARN_DEPRECATED_OBJC_IMPLEMENTATIONS = YES;
				CLANG_WARN_DIRECT_OBJC_ISA_USAGE = YES_ERROR;
				CLANG_WARN_DOCUMENTATION_COMMENTS = YES;
				CLANG_WARN_EMPTY_BODY = YES;
				CLANG_WARN_ENUM_CONVERSION = YES;
				CLANG_WARN_INFINITE_RECURSION = YES;
				CLANG_WARN_INT_CONVERSION = YES;
				CLANG_WARN_NON_LITERAL_NULL_CONVERSION = YES;
				CLANG_WARN_OBJC_IMPLICIT_RETAIN_SELF = YES;
				CLANG_WARN_OBJC_LITERAL_CONVERSION = YES;
				CLANG_WARN_OBJC_ROOT_CLASS = YES_ERROR;
				CLANG_WARN_QUOTED_INCLUDE_IN_FRAMEWORK_HEADER = YES;
				CLANG_WARN_RANGE_LOOP_ANALYSIS = YES;
				CLANG_WARN_STRICT_PROTOTYPES = YES;
				CLANG_WARN_SUSPICIOUS_MOVE = YES;
				CLANG_WARN_UNGUARDED_AVAILABILITY = YES_AGGRESSIVE;
				CLANG_WARN_UNREACHABLE_CODE = YES;
				CLANG_WARN__DUPLICATE_METHOD_MATCH = YES;
				COPY_PHASE_STRIP = NO;
				DEBUG_INFORMATION_FORMAT = "dwarf-with-dsym";
				ENABLE_NS_ASSERTIONS = NO;
				ENABLE_STRICT_OBJC_MSGSEND = YES;
				GCC_C_LANGUAGE_STANDARD = gnu11;
				GCC_NO_COMMON_BLOCKS = YES;
				GCC_WARN_64_TO_32_BIT_CONVERSION = YES;
				GCC_WARN_ABOUT_RETURN_TYPE = YES_ERROR;
				GCC_WARN_UNDECLARED_SELECTOR = YES;
				GCC_WARN_UNINITIALIZED_AUTOS = YES_AGGRESSIVE;
				GCC_WARN_UNUSED_FUNCTION = YES;
				GCC_WARN_UNUSED_VARIABLE = YES;
				IPHONEOS_DEPLOYMENT_TARGET = 16.2;
				MTL_ENABLE_DEBUG_INFO = NO;
				MTL_FAST_MATH = YES;
				SDKROOT = iphoneos;
				SWIFT_COMPILATION_MODE = wholemodule;
				SWIFT_OPTIMIZATION_LEVEL = "-O";
				VALIDATE_PRODUCT = YES;
			};
			name = Release;
		};
		CBA858D229CF77D200D863CC /* Debug */ = {
			isa = XCBuildConfiguration;
			baseConfigurationReference = F508E1F9497F7DB192D57F5A /* Pods-cosci-activity-kpi.debug.xcconfig */;
			buildSettings = {
				ASSETCATALOG_COMPILER_APPICON_NAME = AppIcon;
				ASSETCATALOG_COMPILER_GLOBAL_ACCENT_COLOR_NAME = AccentColor;
				CODE_SIGN_STYLE = Automatic;
				CURRENT_PROJECT_VERSION = 1;
				DEVELOPMENT_TEAM = "";
				GENERATE_INFOPLIST_FILE = YES;
				INFOPLIST_FILE = "cosci-activity-kpi/Info.plist";
				INFOPLIST_KEY_UIApplicationSupportsIndirectInputEvents = YES;
				INFOPLIST_KEY_UILaunchStoryboardName = LaunchScreen;
				INFOPLIST_KEY_UIMainStoryboardFile = Main;
				INFOPLIST_KEY_UISupportedInterfaceOrientations = UIInterfaceOrientationPortrait;
				INFOPLIST_KEY_UISupportedInterfaceOrientations_iPad = "UIInterfaceOrientationLandscapeLeft UIInterfaceOrientationLandscapeRight UIInterfaceOrientationPortrait UIInterfaceOrientationPortraitUpsideDown";
				IPHONEOS_DEPLOYMENT_TARGET = 16.2;
				"IPHONEOS_DEPLOYMENT_TARGET[sdk=iphoneos*]" = 16.0;
				LD_RUNPATH_SEARCH_PATHS = (
					"$(inherited)",
					"@executable_path/Frameworks",
				);
				MARKETING_VERSION = 1.0;
				PRODUCT_BUNDLE_IDENTIFIER = "Parisut.Nattapon.cosci-activity-kpi";
				PRODUCT_NAME = "$(TARGET_NAME)";
				SUPPORTED_PLATFORMS = "iphoneos iphonesimulator";
				SUPPORTS_MACCATALYST = NO;
				SUPPORTS_MAC_DESIGNED_FOR_IPHONE_IPAD = NO;
				SWIFT_EMIT_LOC_STRINGS = YES;
				SWIFT_VERSION = 5.0;
				TARGETED_DEVICE_FAMILY = 1;
			};
			name = Debug;
		};
		CBA858D329CF77D200D863CC /* Release */ = {
			isa = XCBuildConfiguration;
			baseConfigurationReference = A013922E8BFA0CB27EB073F5 /* Pods-cosci-activity-kpi.release.xcconfig */;
			buildSettings = {
				ASSETCATALOG_COMPILER_APPICON_NAME = AppIcon;
				ASSETCATALOG_COMPILER_GLOBAL_ACCENT_COLOR_NAME = AccentColor;
				CODE_SIGN_STYLE = Automatic;
				CURRENT_PROJECT_VERSION = 1;
				DEVELOPMENT_TEAM = "";
				GENERATE_INFOPLIST_FILE = YES;
				INFOPLIST_FILE = "cosci-activity-kpi/Info.plist";
				INFOPLIST_KEY_UIApplicationSupportsIndirectInputEvents = YES;
				INFOPLIST_KEY_UILaunchStoryboardName = LaunchScreen;
				INFOPLIST_KEY_UIMainStoryboardFile = Main;
				INFOPLIST_KEY_UISupportedInterfaceOrientations = UIInterfaceOrientationPortrait;
				INFOPLIST_KEY_UISupportedInterfaceOrientations_iPad = "UIInterfaceOrientationLandscapeLeft UIInterfaceOrientationLandscapeRight UIInterfaceOrientationPortrait UIInterfaceOrientationPortraitUpsideDown";
				IPHONEOS_DEPLOYMENT_TARGET = 16.2;
				"IPHONEOS_DEPLOYMENT_TARGET[sdk=iphoneos*]" = 16.0;
				LD_RUNPATH_SEARCH_PATHS = (
					"$(inherited)",
					"@executable_path/Frameworks",
				);
				MARKETING_VERSION = 1.0;
				PRODUCT_BUNDLE_IDENTIFIER = "Parisut.Nattapon.cosci-activity-kpi";
				PRODUCT_NAME = "$(TARGET_NAME)";
				SUPPORTED_PLATFORMS = "iphoneos iphonesimulator";
				SUPPORTS_MACCATALYST = NO;
				SUPPORTS_MAC_DESIGNED_FOR_IPHONE_IPAD = NO;
				SWIFT_EMIT_LOC_STRINGS = YES;
				SWIFT_VERSION = 5.0;
				TARGETED_DEVICE_FAMILY = 1;
			};
			name = Release;
		};
		CBA858D529CF77D200D863CC /* Debug */ = {
			isa = XCBuildConfiguration;
			buildSettings = {
				ALWAYS_EMBED_SWIFT_STANDARD_LIBRARIES = YES;
				BUNDLE_LOADER = "$(TEST_HOST)";
				CODE_SIGN_STYLE = Automatic;
				CURRENT_PROJECT_VERSION = 1;
				GENERATE_INFOPLIST_FILE = YES;
				IPHONEOS_DEPLOYMENT_TARGET = 16.2;
				MARKETING_VERSION = 1.0;
				PRODUCT_BUNDLE_IDENTIFIER = "Parisut.Nattapon.cosci-activity-kpiTests";
				PRODUCT_NAME = "$(TARGET_NAME)";
				SWIFT_EMIT_LOC_STRINGS = NO;
				SWIFT_VERSION = 5.0;
				TARGETED_DEVICE_FAMILY = "1,2";
				TEST_HOST = "$(BUILT_PRODUCTS_DIR)/cosci-activity-kpi.app/$(BUNDLE_EXECUTABLE_FOLDER_PATH)/cosci-activity-kpi";
			};
			name = Debug;
		};
		CBA858D629CF77D200D863CC /* Release */ = {
			isa = XCBuildConfiguration;
			buildSettings = {
				ALWAYS_EMBED_SWIFT_STANDARD_LIBRARIES = YES;
				BUNDLE_LOADER = "$(TEST_HOST)";
				CODE_SIGN_STYLE = Automatic;
				CURRENT_PROJECT_VERSION = 1;
				GENERATE_INFOPLIST_FILE = YES;
				IPHONEOS_DEPLOYMENT_TARGET = 16.2;
				MARKETING_VERSION = 1.0;
				PRODUCT_BUNDLE_IDENTIFIER = "Parisut.Nattapon.cosci-activity-kpiTests";
				PRODUCT_NAME = "$(TARGET_NAME)";
				SWIFT_EMIT_LOC_STRINGS = NO;
				SWIFT_VERSION = 5.0;
				TARGETED_DEVICE_FAMILY = "1,2";
				TEST_HOST = "$(BUILT_PRODUCTS_DIR)/cosci-activity-kpi.app/$(BUNDLE_EXECUTABLE_FOLDER_PATH)/cosci-activity-kpi";
			};
			name = Release;
		};
		CBA858D829CF77D200D863CC /* Debug */ = {
			isa = XCBuildConfiguration;
			buildSettings = {
				ALWAYS_EMBED_SWIFT_STANDARD_LIBRARIES = YES;
				CODE_SIGN_STYLE = Automatic;
				CURRENT_PROJECT_VERSION = 1;
				GENERATE_INFOPLIST_FILE = YES;
				MARKETING_VERSION = 1.0;
				PRODUCT_BUNDLE_IDENTIFIER = "Parisut.Nattapon.cosci-activity-kpiUITests";
				PRODUCT_NAME = "$(TARGET_NAME)";
				SWIFT_EMIT_LOC_STRINGS = NO;
				SWIFT_VERSION = 5.0;
				TARGETED_DEVICE_FAMILY = "1,2";
				TEST_TARGET_NAME = "cosci-activity-kpi";
			};
			name = Debug;
		};
		CBA858D929CF77D200D863CC /* Release */ = {
			isa = XCBuildConfiguration;
			buildSettings = {
				ALWAYS_EMBED_SWIFT_STANDARD_LIBRARIES = YES;
				CODE_SIGN_STYLE = Automatic;
				CURRENT_PROJECT_VERSION = 1;
				GENERATE_INFOPLIST_FILE = YES;
				MARKETING_VERSION = 1.0;
				PRODUCT_BUNDLE_IDENTIFIER = "Parisut.Nattapon.cosci-activity-kpiUITests";
				PRODUCT_NAME = "$(TARGET_NAME)";
				SWIFT_EMIT_LOC_STRINGS = NO;
				SWIFT_VERSION = 5.0;
				TARGETED_DEVICE_FAMILY = "1,2";
				TEST_TARGET_NAME = "cosci-activity-kpi";
			};
			name = Release;
		};
/* End XCBuildConfiguration section */

/* Begin XCConfigurationList section */
		CBA858A229CF77CF00D863CC /* Build configuration list for PBXProject "cosci-activity-kpi" */ = {
			isa = XCConfigurationList;
			buildConfigurations = (
				CBA858CF29CF77D200D863CC /* Debug */,
				CBA858D029CF77D200D863CC /* Release */,
			);
			defaultConfigurationIsVisible = 0;
			defaultConfigurationName = Release;
		};
		CBA858D129CF77D200D863CC /* Build configuration list for PBXNativeTarget "cosci-activity-kpi" */ = {
			isa = XCConfigurationList;
			buildConfigurations = (
				CBA858D229CF77D200D863CC /* Debug */,
				CBA858D329CF77D200D863CC /* Release */,
			);
			defaultConfigurationIsVisible = 0;
			defaultConfigurationName = Release;
		};
		CBA858D429CF77D200D863CC /* Build configuration list for PBXNativeTarget "cosci-activity-kpiTests" */ = {
			isa = XCConfigurationList;
			buildConfigurations = (
				CBA858D529CF77D200D863CC /* Debug */,
				CBA858D629CF77D200D863CC /* Release */,
			);
			defaultConfigurationIsVisible = 0;
			defaultConfigurationName = Release;
		};
		CBA858D729CF77D200D863CC /* Build configuration list for PBXNativeTarget "cosci-activity-kpiUITests" */ = {
			isa = XCConfigurationList;
			buildConfigurations = (
				CBA858D829CF77D200D863CC /* Debug */,
				CBA858D929CF77D200D863CC /* Release */,
			);
			defaultConfigurationIsVisible = 0;
			defaultConfigurationName = Release;
		};
/* End XCConfigurationList section */
	};
	rootObject = CBA8589F29CF77CF00D863CC /* Project object */;
}
